
Microsoft Visual Studio Solution File, Format Version 12.00
# Visual Studio Version 16
VisualStudioVersion = 16.0.29806.167
MinimumVisualStudioVersion = 10.0.40219.1
Project("{FAE04EC0-301F-11D3-BF4B-00C04F79EFBC}") = "AIF.UVT", "AIF.UVT\AIF.UVT.csproj", "{6A012257-0072-4CD1-BE5D-8984D4C04481}"
EndProject
Project("{FAE04EC0-301F-11D3-BF4B-00C04F79EFBC}") = "AIF.UVT_AutoUpdate", "AIF.UVT_AutoUpdate\AIF.UVT_AutoUpdate.csproj", "{6F90CCA2-ED75-420B-BD83-A16AC6D3B075}"
EndProject
Project("{54435603-DBB4-11D2-8724-00A0C9A8B90C}") = "AIF_UVT_SETUP", "AIF_UVT_SETUP\AIF_UVT_SETUP.vdproj", "{012218B8-E37A-43A1-9263-46D15A28A159}"
EndProject
Project("{FAE04EC0-301F-11D3-BF4B-00C04F79EFBC}") = "AIF.UVT.Console", "AIF.UVT.Console\AIF.UVT.Console.csproj", "{E513023C-92AD-4C55-A8A1-86F5805D69C1}"
EndProject
Project("{54435603-DBB4-11D2-8724-00A0C9A8B90C}") = "AIF_UVT_SETUP_x86", "AIF_UVT_SETUP_x86\AIF_UVT_SETUP_x86.vdproj", "{A55EB128-A564-441F-92A2-A24543E4B9FD}"
EndProject
Global
	GlobalSection(SolutionConfigurationPlatforms) = preSolution
		Debug|Any CPU = Debug|Any CPU
		Release|Any CPU = Release|Any CPU
	EndGlobalSection
	GlobalSection(ProjectConfigurationPlatforms) = postSolution
		{6A012257-0072-4CD1-BE5D-8984D4C04481}.Debug|Any CPU.ActiveCfg = Debug|Any CPU
		{6A012257-0072-4CD1-BE5D-8984D4C04481}.Debug|Any CPU.Build.0 = Debug|Any CPU
		{6A012257-0072-4CD1-BE5D-8984D4C04481}.Release|Any CPU.ActiveCfg = Release|Any CPU
		{6A012257-0072-4CD1-BE5D-8984D4C04481}.Release|Any CPU.Build.0 = Release|Any CPU
		{6F90CCA2-ED75-420B-BD83-A16AC6D3B075}.Debug|Any CPU.ActiveCfg = Debug|Any CPU
		{6F90CCA2-ED75-420B-BD83-A16AC6D3B075}.Debug|Any CPU.Build.0 = Debug|Any CPU
		{6F90CCA2-ED75-420B-BD83-A16AC6D3B075}.Release|Any CPU.ActiveCfg = Release|Any CPU
		{6F90CCA2-ED75-420B-BD83-A16AC6D3B075}.Release|Any CPU.Build.0 = Release|Any CPU
		{012218B8-E37A-43A1-9263-46D15A28A159}.Debug|Any CPU.ActiveCfg = Debug
		{012218B8-E37A-43A1-9263-46D15A28A159}.Release|Any CPU.ActiveCfg = Release
		{E513023C-92AD-4C55-A8A1-86F5805D69C1}.Debug|Any CPU.ActiveCfg = Debug|Any CPU
		{E513023C-92AD-4C55-A8A1-86F5805D69C1}.Debug|Any CPU.Build.0 = Debug|Any CPU
		{E513023C-92AD-4C55-A8A1-86F5805D69C1}.Release|Any CPU.ActiveCfg = Release|Any CPU
		{E513023C-92AD-4C55-A8A1-86F5805D69C1}.Release|Any CPU.Build.0 = Release|Any CPU
		{A55EB128-A564-441F-92A2-A24543E4B9FD}.Debug|Any CPU.ActiveCfg = Debug
		{A55EB128-A564-441F-92A2-A24543E4B9FD}.Release|Any CPU.ActiveCfg = Release
	EndGlobalSection
	GlobalSection(SolutionProperties) = preSolution
		HideSolutionNode = FALSE
	EndGlobalSection
	GlobalSection(ExtensibilityGlobals) = postSolution
		SolutionGuid = {A86339D6-0E39-4678-A505-F8DB54864B25}
	EndGlobalSection
EndGlobal
